
Microsoft Visual Studio Solution File, Format Version 12.00
# Visual Studio Version 17
VisualStudioVersion = 17.3.32922.545
MinimumVisualStudioVersion = 10.0.40219.1
Project("{9A19103F-16F7-4668-BE54-9A1E7A4F7556}") = "RabbitMQ_Sample", "RabbitMQ_Sample\RabbitMQ_Sample.csproj", "{F8980EA2-5695-4D23-9920-FDAD791F73B6}"
EndProject
Project("{FAE04EC0-301F-11D3-BF4B-00C04F79EFBC}") = "Consumer.Console", "Consumer.Console\Consumer.Console.csproj", "{17EE4B69-791C-4537-B77D-175A37C135E5}"
EndProject
Global
	GlobalSection(SolutionConfigurationPlatforms) = preSolution
		Debug|Any CPU = Debug|Any CPU
		Release|Any CPU = Release|Any CPU
	EndGlobalSection
	GlobalSection(ProjectConfigurationPlatforms) = postSolution
		{F8980EA2-5695-4D23-9920-FDAD791F73B6}.Debug|Any CPU.ActiveCfg = Debug|Any CPU
		{F8980EA2-5695-4D23-9920-FDAD791F73B6}.Debug|Any CPU.Build.0 = Debug|Any CPU
		{F8980EA2-5695-4D23-9920-FDAD791F73B6}.Release|Any CPU.ActiveCfg = Release|Any CPU
		{F8980EA2-5695-4D23-9920-FDAD791F73B6}.Release|Any CPU.Build.0 = Release|Any CPU
		{17EE4B69-791C-4537-B77D-175A37C135E5}.Debug|Any CPU.ActiveCfg = Debug|Any CPU
		{17EE4B69-791C-4537-B77D-175A37C135E5}.Debug|Any CPU.Build.0 = Debug|Any CPU
		{17EE4B69-791C-4537-B77D-175A37C135E5}.Release|Any CPU.ActiveCfg = Release|Any CPU
		{17EE4B69-791C-4537-B77D-175A37C135E5}.Release|Any CPU.Build.0 = Release|Any CPU
	EndGlobalSection
	GlobalSection(SolutionProperties) = preSolution
		HideSolutionNode = FALSE
	EndGlobalSection
	GlobalSection(ExtensibilityGlobals) = postSolution
		SolutionGuid = {D3F1FFBE-A502-41A1-A5B9-A4ED186AAB11}
	EndGlobalSection
EndGlobal
